
Microsoft Visual Studio Solution File, Format Version 12.00
# Visual Studio Version 17
VisualStudioVersion = 17.2.32616.157
MinimumVisualStudioVersion = 10.0.40219.1
Project("{FAE04EC0-301F-11D3-BF4B-00C04F79EFBC}") = "webapp", "webapp\webapp.csproj", "{B50B8AAE-C3DA-431F-A386-F74DDD1D46B2}"
EndProject
Global
	GlobalSection(SolutionConfigurationPlatforms) = preSolution
		Debug|Any CPU = Debug|Any CPU
		Release|Any CPU = Release|Any CPU
	EndGlobalSection
	GlobalSection(ProjectConfigurationPlatforms) = postSolution
		{B50B8AAE-C3DA-431F-A386-F74DDD1D46B2}.Debug|Any CPU.ActiveCfg = Debug|Any CPU
		{B50B8AAE-C3DA-431F-A386-F74DDD1D46B2}.Debug|Any CPU.Build.0 = Debug|Any CPU
		{B50B8AAE-C3DA-431F-A386-F74DDD1D46B2}.Release|Any CPU.ActiveCfg = Release|Any CPU
		{B50B8AAE-C3DA-431F-A386-F74DDD1D46B2}.Release|Any CPU.Build.0 = Release|Any CPU
	EndGlobalSection
	GlobalSection(SolutionProperties) = preSolution
		HideSolutionNode = FALSE
	EndGlobalSection
	GlobalSection(ExtensibilityGlobals) = postSolution
		SolutionGuid = {C29D4023-1EED-4F99-80E5-9A8919221B98}
	EndGlobalSection
EndGlobal
